
Microsoft Visual Studio Solution File, Format Version 12.00
# Visual Studio Version 16
VisualStudioVersion = 16.0.30204.135
MinimumVisualStudioVersion = 10.0.40219.1
Project("{FAE04EC0-301F-11D3-BF4B-00C04F79EFBC}") = "DailyTimeSchedulerApp", "DailyTimeSchedulerApp\DailyTimeSchedulerApp.csproj", "{6DCE072E-F477-454B-85BB-FC2982D39392}"
EndProject
Global
	GlobalSection(SolutionConfigurationPlatforms) = preSolution
		Debug|Any CPU = Debug|Any CPU
		Release|Any CPU = Release|Any CPU
	EndGlobalSection
	GlobalSection(ProjectConfigurationPlatforms) = postSolution
		{6DCE072E-F477-454B-85BB-FC2982D39392}.Debug|Any CPU.ActiveCfg = Debug|Any CPU
		{6DCE072E-F477-454B-85BB-FC2982D39392}.Debug|Any CPU.Build.0 = Debug|Any CPU
		{6DCE072E-F477-454B-85BB-FC2982D39392}.Release|Any CPU.ActiveCfg = Release|Any CPU
		{6DCE072E-F477-454B-85BB-FC2982D39392}.Release|Any CPU.Build.0 = Release|Any CPU
	EndGlobalSection
	GlobalSection(SolutionProperties) = preSolution
		HideSolutionNode = FALSE
	EndGlobalSection
	GlobalSection(ExtensibilityGlobals) = postSolution
		SolutionGuid = {18045486-7143-4141-8173-B50BF4A2AB35}
	EndGlobalSection
EndGlobal
